
Microsoft Visual Studio Solution File, Format Version 12.00
# Visual Studio Version 17
VisualStudioVersion = 17.0.31903.59
MinimumVisualStudioVersion = 10.0.40219.1
Project("{FAE04EC0-301F-11D3-BF4B-00C04F79EFBC}") = "POS.API", "POS.API\POS.API.csproj", "{3E4BBB89-0D79-4A4B-A7AE-EEBD379BA0C4}"
EndProject
Project("{00D1A9C2-B5F0-4AF3-8072-F6C62B433612}") = "POS.Database", "POS.Database\POS.Database.sqlproj", "{4E950AB0-5370-4DAF-82E0-4DE00180868C}"
EndProject
Global
	GlobalSection(SolutionConfigurationPlatforms) = preSolution
		Debug|Any CPU = Debug|Any CPU
		Debug|x64 = Debug|x64
		Debug|x86 = Debug|x86
		Release|Any CPU = Release|Any CPU
		Release|x64 = Release|x64
		Release|x86 = Release|x86
	EndGlobalSection
	GlobalSection(ProjectConfigurationPlatforms) = postSolution
		{3E4BBB89-0D79-4A4B-A7AE-EEBD379BA0C4}.Debug|Any CPU.ActiveCfg = Debug|Any CPU
		{3E4BBB89-0D79-4A4B-A7AE-EEBD379BA0C4}.Debug|Any CPU.Build.0 = Debug|Any CPU
		{3E4BBB89-0D79-4A4B-A7AE-EEBD379BA0C4}.Debug|x64.ActiveCfg = Debug|Any CPU
		{3E4BBB89-0D79-4A4B-A7AE-EEBD379BA0C4}.Debug|x64.Build.0 = Debug|Any CPU
		{3E4BBB89-0D79-4A4B-A7AE-EEBD379BA0C4}.Debug|x86.ActiveCfg = Debug|Any CPU
		{3E4BBB89-0D79-4A4B-A7AE-EEBD379BA0C4}.Debug|x86.Build.0 = Debug|Any CPU
		{3E4BBB89-0D79-4A4B-A7AE-EEBD379BA0C4}.Release|Any CPU.ActiveCfg = Release|Any CPU
		{3E4BBB89-0D79-4A4B-A7AE-EEBD379BA0C4}.Release|Any CPU.Build.0 = Release|Any CPU
		{3E4BBB89-0D79-4A4B-A7AE-EEBD379BA0C4}.Release|x64.ActiveCfg = Release|Any CPU
		{3E4BBB89-0D79-4A4B-A7AE-EEBD379BA0C4}.Release|x64.Build.0 = Release|Any CPU
		{3E4BBB89-0D79-4A4B-A7AE-EEBD379BA0C4}.Release|x86.ActiveCfg = Release|Any CPU
		{3E4BBB89-0D79-4A4B-A7AE-EEBD379BA0C4}.Release|x86.Build.0 = Release|Any CPU
		{4E950AB0-5370-4DAF-82E0-4DE00180868C}.Debug|Any CPU.ActiveCfg = Debug|Any CPU
		{4E950AB0-5370-4DAF-82E0-4DE00180868C}.Debug|Any CPU.Build.0 = Debug|Any CPU
		{4E950AB0-5370-4DAF-82E0-4DE00180868C}.Debug|Any CPU.Deploy.0 = Debug|Any CPU
		{4E950AB0-5370-4DAF-82E0-4DE00180868C}.Debug|x64.ActiveCfg = Debug|Any CPU
		{4E950AB0-5370-4DAF-82E0-4DE00180868C}.Debug|x64.Build.0 = Debug|Any CPU
		{4E950AB0-5370-4DAF-82E0-4DE00180868C}.Debug|x64.Deploy.0 = Debug|Any CPU
		{4E950AB0-5370-4DAF-82E0-4DE00180868C}.Debug|x86.ActiveCfg = Debug|Any CPU
		{4E950AB0-5370-4DAF-82E0-4DE00180868C}.Debug|x86.Build.0 = Debug|Any CPU
		{4E950AB0-5370-4DAF-82E0-4DE00180868C}.Debug|x86.Deploy.0 = Debug|Any CPU
		{4E950AB0-5370-4DAF-82E0-4DE00180868C}.Release|Any CPU.ActiveCfg = Release|Any CPU
		{4E950AB0-5370-4DAF-82E0-4DE00180868C}.Release|Any CPU.Build.0 = Release|Any CPU
		{4E950AB0-5370-4DAF-82E0-4DE00180868C}.Release|Any CPU.Deploy.0 = Release|Any CPU
		{4E950AB0-5370-4DAF-82E0-4DE00180868C}.Release|x64.ActiveCfg = Release|Any CPU
		{4E950AB0-5370-4DAF-82E0-4DE00180868C}.Release|x64.Build.0 = Release|Any CPU
		{4E950AB0-5370-4DAF-82E0-4DE00180868C}.Release|x64.Deploy.0 = Release|Any CPU
		{4E950AB0-5370-4DAF-82E0-4DE00180868C}.Release|x86.ActiveCfg = Release|Any CPU
		{4E950AB0-5370-4DAF-82E0-4DE00180868C}.Release|x86.Build.0 = Release|Any CPU
		{4E950AB0-5370-4DAF-82E0-4DE00180868C}.Release|x86.Deploy.0 = Release|Any CPU
	EndGlobalSection
	GlobalSection(SolutionProperties) = preSolution
		HideSolutionNode = FALSE
	EndGlobalSection
EndGlobal
